
Microsoft Visual Studio Solution File, Format Version 11.00
# Visual C# Express 2010
Project("{FAE04EC0-301F-11D3-BF4B-00C04F79EFBC}") = "CopyDirectoryTree", "src\app\CopyDirectoryTree.csproj", "{A84D2A81-056F-430E-BA60-BF7B539CD41C}"
EndProject
Global
	GlobalSection(SolutionConfigurationPlatforms) = preSolution
		Debug|Any CPU = Debug|Any CPU
		DebugTests|Any CPU = DebugTests|Any CPU
		Release|Any CPU = Release|Any CPU
	EndGlobalSection
	GlobalSection(ProjectConfigurationPlatforms) = postSolution
		{A84D2A81-056F-430E-BA60-BF7B539CD41C}.Debug|Any CPU.ActiveCfg = Debug|Any CPU
		{A84D2A81-056F-430E-BA60-BF7B539CD41C}.Debug|Any CPU.Build.0 = Debug|Any CPU
		{A84D2A81-056F-430E-BA60-BF7B539CD41C}.DebugTests|Any CPU.ActiveCfg = DebugTests|Any CPU
		{A84D2A81-056F-430E-BA60-BF7B539CD41C}.DebugTests|Any CPU.Build.0 = DebugTests|Any CPU
		{A84D2A81-056F-430E-BA60-BF7B539CD41C}.Release|Any CPU.ActiveCfg = Release|Any CPU
		{A84D2A81-056F-430E-BA60-BF7B539CD41C}.Release|Any CPU.Build.0 = Release|Any CPU
	EndGlobalSection
	GlobalSection(SolutionProperties) = preSolution
		HideSolutionNode = FALSE
	EndGlobalSection
EndGlobal
